{
  "name": "@fastify-odoo/root",
  "version": "0.0.1",
  "lockfileVersion": 1,
  "requires": true,
  "dependencies": {
    "prettier": {
      "version": "2.8.4",
      "resolved": "https://registry.npmjs.org/prettier/-/prettier-2.8.4.tgz",
      "integrity": "sha512-vIS4Rlc2FNh0BySk3Wkd6xmwxB0FpOndW5fisM5H8hsZSxU2VWVB5CWIkIjWvrHjIhxk2g3bfMKM87zNTrZddw=="
    },
    "turbo": {
      "version": "1.7.4",
      "resolved": "https://registry.npmjs.org/turbo/-/turbo-1.7.4.tgz",
      "integrity": "sha512-8RLedDoUL0kkVKWEZ/RMM70BvKLyDFen06QuKKhYC2XNOfNKqFDqzIdcY/vGick869bNIWalChoy4O07k0HLsA==",
      "requires": {
        "turbo-darwin-64": "1.7.4",
        "turbo-darwin-arm64": "1.7.4",
        "turbo-linux-64": "1.7.4",
        "turbo-linux-arm64": "1.7.4",
        "turbo-windows-64": "1.7.4",
        "turbo-windows-arm64": "1.7.4"
      }
    },
    "turbo-darwin-64": {
      "version": "1.7.4",
      "resolved": "https://registry.npmjs.org/turbo-darwin-64/-/turbo-darwin-64-1.7.4.tgz",
      "integrity": "sha512-ZyYrQlUl8K/mYN1e6R7bEhPPYjMakz0DYMaexkyD7TAijQtWmTSd4a+I7VknOYNEssnUZ/v41GU3gPV1JAzxxQ==",
      "optional": true
    },
    "turbo-darwin-arm64": {
      "version": "1.7.4",
      "resolved": "https://registry.npmjs.org/turbo-darwin-arm64/-/turbo-darwin-arm64-1.7.4.tgz",
      "integrity": "sha512-CKIXg9uqp1a+Yeq/c4U0alPOqvwLUq5SBZf1PGYhGqJsfG0fRBtJfkUjHuBsuJIOGXg8rCmcGSWGIsIF6fqYuw==",
      "optional": true
    },
    "turbo-linux-64": {
      "version": "1.7.4",
      "resolved": "https://registry.npmjs.org/turbo-linux-64/-/turbo-linux-64-1.7.4.tgz",
      "integrity": "sha512-RIUl4RUFFyzD2T024vL7509Ygwcw+SEa8NOwPfaN6TtJHK7RZV/SBP3fLNVOptG9WRLnOWX3OvsLMbiOqDLLyA==",
      "optional": true
    },
    "turbo-linux-arm64": {
      "version": "1.7.4",
      "resolved": "https://registry.npmjs.org/turbo-linux-arm64/-/turbo-linux-arm64-1.7.4.tgz",
      "integrity": "sha512-Bg65F0AjYYYxqE6RPf2H5TIGuA/EyWMeGOATHVSZOWAbYcnG3Ly03GZii8AHnUi7ntWBdjwvXf/QbOS1ayNB6A==",
      "optional": true
    },
    "turbo-windows-64": {
      "version": "1.7.4",
      "resolved": "https://registry.npmjs.org/turbo-windows-64/-/turbo-windows-64-1.7.4.tgz",
      "integrity": "sha512-rTaV50XZ2BRxRHOHqt1UsWfeDmYLbn8UKE6g2D2ED+uW+kmnTvR9s01nmlGWd2sAuWcRYQyQ2V+O09VfKPKcQw==",
      "optional": true
    },
    "turbo-windows-arm64": {
      "version": "1.7.4",
      "resolved": "https://registry.npmjs.org/turbo-windows-arm64/-/turbo-windows-arm64-1.7.4.tgz",
      "integrity": "sha512-h8sxdKPvHTnWUPtwnYszFMmSO0P/iUUwmYY9n7iYThA71zSao28UeZ0H0Gw75cY3MPjvkjn2C4EBAUGPjuZJLw==",
      "optional": true
    }
  }
}
